
Microsoft Visual Studio Solution File, Format Version 12.00
# Visual Studio Version 17
VisualStudioVersion = 17.4.33213.308
MinimumVisualStudioVersion = 10.0.40219.1
Project("{8BC9CEB8-8B4A-11D0-8D11-00A0C91BC942}") = "CLD3", "CLD3\CLD3.vcxproj", "{6FB3B3F8-B69C-44CC-BAE4-A1495874C3EA}"
EndProject
Project("{8BC9CEB8-8B4A-11D0-8D11-00A0C91BC942}") = "CLD3.Net", "CLD3.Net\CLD3.Net.vcxproj", "{05D3C2BD-7FB2-46F9-A969-3CAA1757ACAF}"
EndProject
Project("{9A19103F-16F7-4668-BE54-9A1E7A4F7556}") = "CLD3.Tests", "CLD3.Tests\CLD3.Tests.csproj", "{56949F0B-70BB-427C-A57E-9FCFEC3B3DC4}"
EndProject
Project("{9A19103F-16F7-4668-BE54-9A1E7A4F7556}") = "CLD3.NetCoreLib", "CLD3.NetCoreLib\CLD3.NetCoreLib.csproj", "{D0E25E3F-96C9-420C-A71D-9BDE49612B86}"
EndProject
Project("{9A19103F-16F7-4668-BE54-9A1E7A4F7556}") = "CLD3.NetCoreApp", "CLD3.NetCoreApp\CLD3.NetCoreApp.csproj", "{76A88017-22CF-4EAA-8493-78AB81CE7760}"
EndProject
Project("{2150E333-8FDC-42A3-9474-1A3956D46DE8}") = "Элементы решения", "Элементы решения", "{92BF17C5-D231-40C8-AD11-51F324E7A841}"
	ProjectSection(SolutionItems) = preProject
		README.md = README.md
		.github\workflows\dotnet.yml = .github\workflows\dotnet.yml
	EndProjectSection
EndProject
Global
	GlobalSection(SolutionConfigurationPlatforms) = preSolution
		Debug|Any CPU = Debug|Any CPU
		Debug|x64 = Debug|x64
		Debug|x86 = Debug|x86
		Release|Any CPU = Release|Any CPU
		Release|x64 = Release|x64
		Release|x86 = Release|x86
	EndGlobalSection
	GlobalSection(ProjectConfigurationPlatforms) = postSolution
		{6FB3B3F8-B69C-44CC-BAE4-A1495874C3EA}.Debug|Any CPU.ActiveCfg = Debug|Win32
		{6FB3B3F8-B69C-44CC-BAE4-A1495874C3EA}.Debug|Any CPU.Build.0 = Debug|Win32
		{6FB3B3F8-B69C-44CC-BAE4-A1495874C3EA}.Debug|x64.ActiveCfg = Debug|x64
		{6FB3B3F8-B69C-44CC-BAE4-A1495874C3EA}.Debug|x64.Build.0 = Debug|x64
		{6FB3B3F8-B69C-44CC-BAE4-A1495874C3EA}.Debug|x86.ActiveCfg = Debug|Win32
		{6FB3B3F8-B69C-44CC-BAE4-A1495874C3EA}.Debug|x86.Build.0 = Debug|Win32
		{6FB3B3F8-B69C-44CC-BAE4-A1495874C3EA}.Release|Any CPU.ActiveCfg = Release|Win32
		{6FB3B3F8-B69C-44CC-BAE4-A1495874C3EA}.Release|Any CPU.Build.0 = Release|Win32
		{6FB3B3F8-B69C-44CC-BAE4-A1495874C3EA}.Release|x64.ActiveCfg = Release|x64
		{6FB3B3F8-B69C-44CC-BAE4-A1495874C3EA}.Release|x64.Build.0 = Release|x64
		{6FB3B3F8-B69C-44CC-BAE4-A1495874C3EA}.Release|x86.ActiveCfg = Release|Win32
		{6FB3B3F8-B69C-44CC-BAE4-A1495874C3EA}.Release|x86.Build.0 = Release|Win32
		{05D3C2BD-7FB2-46F9-A969-3CAA1757ACAF}.Debug|Any CPU.ActiveCfg = Debug|Win32
		{05D3C2BD-7FB2-46F9-A969-3CAA1757ACAF}.Debug|Any CPU.Build.0 = Debug|Win32
		{05D3C2BD-7FB2-46F9-A969-3CAA1757ACAF}.Debug|x64.ActiveCfg = Debug|x64
		{05D3C2BD-7FB2-46F9-A969-3CAA1757ACAF}.Debug|x64.Build.0 = Debug|x64
		{05D3C2BD-7FB2-46F9-A969-3CAA1757ACAF}.Debug|x86.ActiveCfg = Debug|Win32
		{05D3C2BD-7FB2-46F9-A969-3CAA1757ACAF}.Debug|x86.Build.0 = Debug|Win32
		{05D3C2BD-7FB2-46F9-A969-3CAA1757ACAF}.Release|Any CPU.ActiveCfg = Release|Win32
		{05D3C2BD-7FB2-46F9-A969-3CAA1757ACAF}.Release|Any CPU.Build.0 = Release|Win32
		{05D3C2BD-7FB2-46F9-A969-3CAA1757ACAF}.Release|x64.ActiveCfg = Release|x64
		{05D3C2BD-7FB2-46F9-A969-3CAA1757ACAF}.Release|x64.Build.0 = Release|x64
		{05D3C2BD-7FB2-46F9-A969-3CAA1757ACAF}.Release|x86.ActiveCfg = Release|Win32
		{05D3C2BD-7FB2-46F9-A969-3CAA1757ACAF}.Release|x86.Build.0 = Release|Win32
		{56949F0B-70BB-427C-A57E-9FCFEC3B3DC4}.Debug|Any CPU.ActiveCfg = Debug|Any CPU
		{56949F0B-70BB-427C-A57E-9FCFEC3B3DC4}.Debug|Any CPU.Build.0 = Debug|Any CPU
		{56949F0B-70BB-427C-A57E-9FCFEC3B3DC4}.Debug|x64.ActiveCfg = Debug|Any CPU
		{56949F0B-70BB-427C-A57E-9FCFEC3B3DC4}.Debug|x64.Build.0 = Debug|Any CPU
		{56949F0B-70BB-427C-A57E-9FCFEC3B3DC4}.Debug|x86.ActiveCfg = Debug|Any CPU
		{56949F0B-70BB-427C-A57E-9FCFEC3B3DC4}.Debug|x86.Build.0 = Debug|Any CPU
		{56949F0B-70BB-427C-A57E-9FCFEC3B3DC4}.Release|Any CPU.ActiveCfg = Release|Any CPU
		{56949F0B-70BB-427C-A57E-9FCFEC3B3DC4}.Release|Any CPU.Build.0 = Release|Any CPU
		{56949F0B-70BB-427C-A57E-9FCFEC3B3DC4}.Release|x64.ActiveCfg = Release|Any CPU
		{56949F0B-70BB-427C-A57E-9FCFEC3B3DC4}.Release|x64.Build.0 = Release|Any CPU
		{56949F0B-70BB-427C-A57E-9FCFEC3B3DC4}.Release|x86.ActiveCfg = Release|Any CPU
		{56949F0B-70BB-427C-A57E-9FCFEC3B3DC4}.Release|x86.Build.0 = Release|Any CPU
		{D0E25E3F-96C9-420C-A71D-9BDE49612B86}.Debug|Any CPU.ActiveCfg = Debug|Any CPU
		{D0E25E3F-96C9-420C-A71D-9BDE49612B86}.Debug|Any CPU.Build.0 = Debug|Any CPU
		{D0E25E3F-96C9-420C-A71D-9BDE49612B86}.Debug|x64.ActiveCfg = Debug|Any CPU
		{D0E25E3F-96C9-420C-A71D-9BDE49612B86}.Debug|x64.Build.0 = Debug|Any CPU
		{D0E25E3F-96C9-420C-A71D-9BDE49612B86}.Debug|x86.ActiveCfg = Debug|Any CPU
		{D0E25E3F-96C9-420C-A71D-9BDE49612B86}.Debug|x86.Build.0 = Debug|Any CPU
		{D0E25E3F-96C9-420C-A71D-9BDE49612B86}.Release|Any CPU.ActiveCfg = Release|Any CPU
		{D0E25E3F-96C9-420C-A71D-9BDE49612B86}.Release|Any CPU.Build.0 = Release|Any CPU
		{D0E25E3F-96C9-420C-A71D-9BDE49612B86}.Release|x64.ActiveCfg = Release|Any CPU
		{D0E25E3F-96C9-420C-A71D-9BDE49612B86}.Release|x64.Build.0 = Release|Any CPU
		{D0E25E3F-96C9-420C-A71D-9BDE49612B86}.Release|x86.ActiveCfg = Release|Any CPU
		{D0E25E3F-96C9-420C-A71D-9BDE49612B86}.Release|x86.Build.0 = Release|Any CPU
		{76A88017-22CF-4EAA-8493-78AB81CE7760}.Debug|Any CPU.ActiveCfg = Debug|Any CPU
		{76A88017-22CF-4EAA-8493-78AB81CE7760}.Debug|Any CPU.Build.0 = Debug|Any CPU
		{76A88017-22CF-4EAA-8493-78AB81CE7760}.Debug|x64.ActiveCfg = Debug|Any CPU
		{76A88017-22CF-4EAA-8493-78AB81CE7760}.Debug|x64.Build.0 = Debug|Any CPU
		{76A88017-22CF-4EAA-8493-78AB81CE7760}.Debug|x86.ActiveCfg = Debug|Any CPU
		{76A88017-22CF-4EAA-8493-78AB81CE7760}.Debug|x86.Build.0 = Debug|Any CPU
		{76A88017-22CF-4EAA-8493-78AB81CE7760}.Release|Any CPU.ActiveCfg = Release|Any CPU
		{76A88017-22CF-4EAA-8493-78AB81CE7760}.Release|Any CPU.Build.0 = Release|Any CPU
		{76A88017-22CF-4EAA-8493-78AB81CE7760}.Release|x64.ActiveCfg = Release|Any CPU
		{76A88017-22CF-4EAA-8493-78AB81CE7760}.Release|x64.Build.0 = Release|Any CPU
		{76A88017-22CF-4EAA-8493-78AB81CE7760}.Release|x86.ActiveCfg = Release|Any CPU
		{76A88017-22CF-4EAA-8493-78AB81CE7760}.Release|x86.Build.0 = Release|Any CPU
	EndGlobalSection
	GlobalSection(SolutionProperties) = preSolution
		HideSolutionNode = FALSE
	EndGlobalSection
	GlobalSection(ExtensibilityGlobals) = postSolution
		SolutionGuid = {C4D1F838-85B6-4BBC-99EB-485823BAB36D}
	EndGlobalSection
EndGlobal
